
Microsoft Visual Studio Solution File, Format Version 12.00
# Visual Studio 15
VisualStudioVersion = 15.0.27428.2002
MinimumVisualStudioVersion = 10.0.40219.1
Project("{888888A0-9F3D-457C-B088-3A5042F75D52}") = "car", "car\car.pyproj", "{3D9B92DB-29FF-45A2-953A-A877E2F97B9D}"
EndProject
Global
	GlobalSection(SolutionConfigurationPlatforms) = preSolution
		Debug|Any CPU = Debug|Any CPU
		Release|Any CPU = Release|Any CPU
	EndGlobalSection
	GlobalSection(ProjectConfigurationPlatforms) = postSolution
		{3D9B92DB-29FF-45A2-953A-A877E2F97B9D}.Debug|Any CPU.ActiveCfg = Debug|Any CPU
		{3D9B92DB-29FF-45A2-953A-A877E2F97B9D}.Release|Any CPU.ActiveCfg = Release|Any CPU
	EndGlobalSection
	GlobalSection(SolutionProperties) = preSolution
		HideSolutionNode = FALSE
	EndGlobalSection
	GlobalSection(ExtensibilityGlobals) = postSolution
		SolutionGuid = {6DFAEA35-CC49-4320-A3BA-DF059C020911}
	EndGlobalSection
EndGlobal
