
Microsoft Visual Studio Solution File, Format Version 12.00
# Visual Studio 15
VisualStudioVersion = 15.0.27428.2002
MinimumVisualStudioVersion = 10.0.40219.1
Project("{888888A0-9F3D-457C-B088-3A5042F75D52}") = "6-2", "6-2\6-2.pyproj", "{4003CEA5-8DC4-405B-8E18-D5959D900FC3}"
EndProject
Global
	GlobalSection(SolutionConfigurationPlatforms) = preSolution
		Debug|Any CPU = Debug|Any CPU
		Release|Any CPU = Release|Any CPU
	EndGlobalSection
	GlobalSection(ProjectConfigurationPlatforms) = postSolution
		{4003CEA5-8DC4-405B-8E18-D5959D900FC3}.Debug|Any CPU.ActiveCfg = Debug|Any CPU
		{4003CEA5-8DC4-405B-8E18-D5959D900FC3}.Release|Any CPU.ActiveCfg = Release|Any CPU
	EndGlobalSection
	GlobalSection(SolutionProperties) = preSolution
		HideSolutionNode = FALSE
	EndGlobalSection
	GlobalSection(ExtensibilityGlobals) = postSolution
		SolutionGuid = {2A29EB3E-FE16-4A2F-9F83-5C5E513B46A9}
	EndGlobalSection
EndGlobal
