
Microsoft Visual Studio Solution File, Format Version 12.00
# Visual Studio 15
VisualStudioVersion = 15.0.27428.2002
MinimumVisualStudioVersion = 10.0.40219.1
Project("{888888A0-9F3D-457C-B088-3A5042F75D52}") = "2-3.py", "2-3.py\2-3.py.pyproj", "{D58DDE91-6506-4463-9B08-AAAF7700A966}"
EndProject
Global
	GlobalSection(SolutionConfigurationPlatforms) = preSolution
		Debug|Any CPU = Debug|Any CPU
		Release|Any CPU = Release|Any CPU
	EndGlobalSection
	GlobalSection(ProjectConfigurationPlatforms) = postSolution
		{D58DDE91-6506-4463-9B08-AAAF7700A966}.Debug|Any CPU.ActiveCfg = Debug|Any CPU
		{D58DDE91-6506-4463-9B08-AAAF7700A966}.Release|Any CPU.ActiveCfg = Release|Any CPU
	EndGlobalSection
	GlobalSection(SolutionProperties) = preSolution
		HideSolutionNode = FALSE
	EndGlobalSection
	GlobalSection(ExtensibilityGlobals) = postSolution
		SolutionGuid = {BB5409DA-1638-4AD7-ACC9-D864EC15B105}
	EndGlobalSection
EndGlobal
