
Microsoft Visual Studio Solution File, Format Version 12.00
# Visual Studio 15
VisualStudioVersion = 15.0.27428.2002
MinimumVisualStudioVersion = 10.0.40219.1
Project("{888888A0-9F3D-457C-B088-3A5042F75D52}") = "3-8.py", "3-8.py\3-8.py.pyproj", "{FBEFCC3E-9D1D-469E-B69B-0D0041C11913}"
EndProject
Global
	GlobalSection(SolutionConfigurationPlatforms) = preSolution
		Debug|Any CPU = Debug|Any CPU
		Release|Any CPU = Release|Any CPU
	EndGlobalSection
	GlobalSection(ProjectConfigurationPlatforms) = postSolution
		{FBEFCC3E-9D1D-469E-B69B-0D0041C11913}.Debug|Any CPU.ActiveCfg = Debug|Any CPU
		{FBEFCC3E-9D1D-469E-B69B-0D0041C11913}.Release|Any CPU.ActiveCfg = Release|Any CPU
	EndGlobalSection
	GlobalSection(SolutionProperties) = preSolution
		HideSolutionNode = FALSE
	EndGlobalSection
	GlobalSection(ExtensibilityGlobals) = postSolution
		SolutionGuid = {5A15040D-377E-4C18-93BC-43F758A33B58}
	EndGlobalSection
EndGlobal
