
Microsoft Visual Studio Solution File, Format Version 12.00
# Visual Studio 15
VisualStudioVersion = 15.0.27428.2002
MinimumVisualStudioVersion = 10.0.40219.1
Project("{888888A0-9F3D-457C-B088-3A5042F75D52}") = "7-2.py", "7-2.py\7-2.py.pyproj", "{F69EF1C2-C452-4099-B399-BC25072272F1}"
EndProject
Global
	GlobalSection(SolutionConfigurationPlatforms) = preSolution
		Debug|Any CPU = Debug|Any CPU
		Release|Any CPU = Release|Any CPU
	EndGlobalSection
	GlobalSection(ProjectConfigurationPlatforms) = postSolution
		{F69EF1C2-C452-4099-B399-BC25072272F1}.Debug|Any CPU.ActiveCfg = Debug|Any CPU
		{F69EF1C2-C452-4099-B399-BC25072272F1}.Release|Any CPU.ActiveCfg = Release|Any CPU
	EndGlobalSection
	GlobalSection(SolutionProperties) = preSolution
		HideSolutionNode = FALSE
	EndGlobalSection
	GlobalSection(ExtensibilityGlobals) = postSolution
		SolutionGuid = {CC5E4496-CEA5-48EB-8705-6F0E923F3B35}
	EndGlobalSection
EndGlobal
