
Microsoft Visual Studio Solution File, Format Version 12.00
# Visual Studio 15
VisualStudioVersion = 15.0.27428.2002
MinimumVisualStudioVersion = 10.0.40219.1
Project("{888888A0-9F3D-457C-B088-3A5042F75D52}") = "class1", "class1\class1.pyproj", "{30A05C2F-8976-4A6C-BCFD-8306A97D3499}"
EndProject
Global
	GlobalSection(SolutionConfigurationPlatforms) = preSolution
		Debug|Any CPU = Debug|Any CPU
		Release|Any CPU = Release|Any CPU
	EndGlobalSection
	GlobalSection(ProjectConfigurationPlatforms) = postSolution
		{30A05C2F-8976-4A6C-BCFD-8306A97D3499}.Debug|Any CPU.ActiveCfg = Debug|Any CPU
		{30A05C2F-8976-4A6C-BCFD-8306A97D3499}.Release|Any CPU.ActiveCfg = Release|Any CPU
	EndGlobalSection
	GlobalSection(SolutionProperties) = preSolution
		HideSolutionNode = FALSE
	EndGlobalSection
	GlobalSection(ExtensibilityGlobals) = postSolution
		SolutionGuid = {53647A08-EBF4-46F1-A5B6-027C20B5E651}
	EndGlobalSection
EndGlobal
